{
  "nodes": {
    "home-manager": {
      "inputs": {
        "nixpkgs": [
          "nixpkgs"
        ]
      },
      "locked": {
        "lastModified": 1642463065,
        "narHash": "sha256-Db53xzDOouhsDAQ/QCvLeM0r7p+my5Zb5jgWGpCrOVo=",
        "owner": "nix-community",
        "repo": "home-manager",
        "rev": "c491331718bd41722a2982a5532eb0ff51c3ca28",
        "type": "github"
      },
      "original": {
        "owner": "nix-community",
        "repo": "home-manager",
        "type": "github"
      }
    },
    "nixpkgs": {
      "locked": {
        "lastModified": 1642336556,
        "narHash": "sha256-QSPPbFEwy0T0DrIuSzAACkaANPQaR1lZR/nHZGz9z04=",
        "owner": "nixos",
        "repo": "nixpkgs",
        "rev": "f3d9d4bd898cca7d04af2ae4f6ef01f2219df3d6",
        "type": "github"
      },
      "original": {
        "owner": "nixos",
        "ref": "nixpkgs-unstable",
        "repo": "nixpkgs",
        "type": "github"
      }
    },
    "root": {
      "inputs": {
        "home-manager": "home-manager",
        "nixpkgs": "nixpkgs",
        "vim-plug": "vim-plug"
      }
    },
    "vim-plug": {
      "flake": false,
      "locked": {
        "lastModified": 1641218708,
        "narHash": "sha256-6HVwA69fXZ7KkZFbSr+hOZ2epkQoT1BBN6HYMGxTzy0=",
        "owner": "junegunn",
        "repo": "vim-plug",
        "rev": "e300178a0e2fb04b56de8957281837f13ecf0b27",
        "type": "github"
      },
      "original": {
        "owner": "junegunn",
        "repo": "vim-plug",
        "type": "github"
      }
    }
  },
  "root": "root",
  "version": 7
}
