{
  "nodes": {
    "flake-utils": {
      "locked": {
        "lastModified": 1644229661,
        "narHash": "sha256-1YdnJAsNy69bpcjuoKdOYQX0YxZBiCYZo4Twxerqv7k=",
        "owner": "numtide",
        "repo": "flake-utils",
        "rev": "3cecb5b042f7f209c56ffd8371b2711a290ec797",
        "type": "github"
      },
      "original": {
        "owner": "numtide",
        "repo": "flake-utils",
        "type": "github"
      }
    },
    "forgit": {
      "flake": false,
      "locked": {
        "lastModified": 1649600616,
        "narHash": "sha256-OBRqjXEMmazBZeEagdUylNaBIKzH4Z1Ro24C6e7CAcM=",
        "owner": "wfxr",
        "repo": "forgit",
        "rev": "fa9fd624398643d53ea9cea61d66eca77ca7c46c",
        "type": "github"
      },
      "original": {
        "owner": "wfxr",
        "repo": "forgit",
        "type": "github"
      }
    },
    "home-manager": {
      "inputs": {
        "nixpkgs": [
          "nixpkgs"
        ]
      },
      "locked": {
        "lastModified": 1650784624,
        "narHash": "sha256-RTYGFBlxEmhhLLH9UfObyz2d4alhCSf6NQpyID7Mqvg=",
        "owner": "nix-community",
        "repo": "home-manager",
        "rev": "65a32578d9b1394bea5c6336721ec392aadc89fb",
        "type": "github"
      },
      "original": {
        "owner": "nix-community",
        "repo": "home-manager",
        "type": "github"
      }
    },
    "neovim": {
      "inputs": {
        "flake-utils": "flake-utils",
        "nixpkgs": [
          "nixpkgs"
        ]
      },
      "locked": {
        "dir": "contrib",
        "lastModified": 1650810114,
        "narHash": "sha256-wrRjhsNut0dfdDRtmxMncnR8GbnYAVxOU59dfiOTFWA=",
        "owner": "neovim",
        "repo": "neovim",
        "rev": "2caf5bbbc58fcc9830cd3f8a6110b66040c6e660",
        "type": "github"
      },
      "original": {
        "dir": "contrib",
        "owner": "neovim",
        "repo": "neovim",
        "type": "github"
      }
    },
    "nixpkgs": {
      "locked": {
        "lastModified": 1650726686,
        "narHash": "sha256-hE5PCqQlsdgWH3AUTwesvjZWs5ZUZ8SjMS5cnFB6W54=",
        "owner": "nixos",
        "repo": "nixpkgs",
        "rev": "3c0f57e36ed0cf9947281e3b31f1bebb7ce5d4a1",
        "type": "github"
      },
      "original": {
        "owner": "nixos",
        "ref": "nixpkgs-unstable",
        "repo": "nixpkgs",
        "type": "github"
      }
    },
    "root": {
      "inputs": {
        "forgit": "forgit",
        "home-manager": "home-manager",
        "neovim": "neovim",
        "nixpkgs": "nixpkgs",
        "vim-plug": "vim-plug"
      }
    },
    "vim-plug": {
      "flake": false,
      "locked": {
        "lastModified": 1650549242,
        "narHash": "sha256-cM/SOMdjdjTupmx1O/1cWIUsWBN/18b/JO/cXk6d1A0=",
        "owner": "junegunn",
        "repo": "vim-plug",
        "rev": "be55ec46b5ab031805487a9c3e895db57f53010b",
        "type": "github"
      },
      "original": {
        "owner": "junegunn",
        "repo": "vim-plug",
        "type": "github"
      }
    }
  },
  "root": "root",
  "version": 7
}
