{
  "nodes": {
    "catppuccin-kitty": {
      "flake": false,
      "locked": {
        "lastModified": 1676919307,
        "narHash": "sha256-tH6ftUdMyea9XugI2UniMf0Kg/vWfKDT+ZryrZc9Baw=",
        "owner": "catppuccin",
        "repo": "kitty",
        "rev": "2f7a98ee3677dda8971b3d7a753adc5b5c80bf83",
        "type": "github"
      },
      "original": {
        "owner": "catppuccin",
        "repo": "kitty",
        "type": "github"
      }
    },
    "flake-utils": {
      "locked": {
        "lastModified": 1656928814,
        "narHash": "sha256-RIFfgBuKz6Hp89yRr7+NR5tzIAbn52h8vT6vXkYjZoM=",
        "owner": "numtide",
        "repo": "flake-utils",
        "rev": "7e2a3b3dfd9af950a856d66b0a7d01e3c18aa249",
        "type": "github"
      },
      "original": {
        "owner": "numtide",
        "repo": "flake-utils",
        "type": "github"
      }
    },
    "flake-utils_2": {
      "locked": {
        "lastModified": 1667395993,
        "narHash": "sha256-nuEHfE/LcWyuSWnS8t12N1wc105Qtau+/OdUAjtQ0rA=",
        "owner": "numtide",
        "repo": "flake-utils",
        "rev": "5aed5285a952e0b949eb3ba02c12fa4fcfef535f",
        "type": "github"
      },
      "original": {
        "owner": "numtide",
        "repo": "flake-utils",
        "type": "github"
      }
    },
    "home-manager": {
      "inputs": {
        "nixpkgs": [
          "nixpkgs"
        ]
      },
      "locked": {
        "lastModified": 1685108129,
        "narHash": "sha256-6Jv6LxrLfaueHj095oBUKBk++eW4Ya0qfHwhQVQqyoo=",
        "owner": "nix-community",
        "repo": "home-manager",
        "rev": "bec196cd9b5f34213c7dc90ef2a524336df70e30",
        "type": "github"
      },
      "original": {
        "owner": "nix-community",
        "repo": "home-manager",
        "type": "github"
      }
    },
    "language-servers": {
      "inputs": {
        "flake-utils": "flake-utils",
        "nixpkgs": "nixpkgs"
      },
      "locked": {
        "lastModified": 1673891911,
        "narHash": "sha256-ayBHJQpJItWrUsTy/uFDFRkDuaGTkGn4Y7Xka35rFY0=",
        "ref": "master",
        "rev": "be9c9b24c0fce29baaaf6b0f5cb4dd3cacad83ad",
        "revCount": 9,
        "type": "git",
        "url": "https://git.sr.ht/~bwolf/language-servers.nix"
      },
      "original": {
        "type": "git",
        "url": "https://git.sr.ht/~bwolf/language-servers.nix"
      }
    },
    "neovim": {
      "inputs": {
        "flake-utils": "flake-utils_2",
        "nixpkgs": [
          "nixpkgs"
        ]
      },
      "locked": {
        "dir": "contrib",
        "lastModified": 1685130678,
        "narHash": "sha256-uw/FUT5sqIpOaW7uv3uRV4lm16M/xDBgOb+rD+wU/w4=",
        "owner": "neovim",
        "repo": "neovim",
        "rev": "44d4ae448d0ab357a3aade773ea58c66c3c969cc",
        "type": "github"
      },
      "original": {
        "dir": "contrib",
        "owner": "neovim",
        "repo": "neovim",
        "type": "github"
      }
    },
    "nixpkgs": {
      "locked": {
        "lastModified": 1659107414,
        "narHash": "sha256-ASIVMNu/fTlgVvDJEJJ1xAysKGg6xX/wFcu4RTb2R3Y=",
        "owner": "nixos",
        "repo": "nixpkgs",
        "rev": "69a3aff98b02b91b64e9f728f2e1e30ead8ecd52",
        "type": "github"
      },
      "original": {
        "owner": "nixos",
        "repo": "nixpkgs",
        "type": "github"
      }
    },
    "nixpkgs_2": {
      "locked": {
        "lastModified": 1685012353,
        "narHash": "sha256-U3oOge4cHnav8OLGdRVhL45xoRj4Ppd+It6nPC9nNIU=",
        "owner": "nixos",
        "repo": "nixpkgs",
        "rev": "aeb75dba965e790de427b73315d5addf91a54955",
        "type": "github"
      },
      "original": {
        "owner": "nixos",
        "ref": "nixpkgs-unstable",
        "repo": "nixpkgs",
        "type": "github"
      }
    },
    "root": {
      "inputs": {
        "catppuccin-kitty": "catppuccin-kitty",
        "home-manager": "home-manager",
        "language-servers": "language-servers",
        "neovim": "neovim",
        "nixpkgs": "nixpkgs_2"
      }
    }
  },
  "root": "root",
  "version": 7
}
